// !$*UTF8*$!
{
	archiveVersion = 1;
	classes = {
	};
	objectVersion = 46;
	objects = {

/* Begin PBXBuildFile section */
		F55874581B132CE2006E87AE /* sfml-audio.framework in Frameworks */ = {isa = PBXBuildFile; fileRef = F55874521B132CE2006E87AE /* sfml-audio.framework */; };
		F55874591B132CE2006E87AE /* sfml-graphics.framework in Frameworks */ = {isa = PBXBuildFile; fileRef = F55874531B132CE2006E87AE /* sfml-graphics.framework */; };
		F558745A1B132CE2006E87AE /* sfml-network.framework in Frameworks */ = {isa = PBXBuildFile; fileRef = F55874541B132CE2006E87AE /* sfml-network.framework */; };
		F558745B1B132CE2006E87AE /* sfml-system.framework in Frameworks */ = {isa = PBXBuildFile; fileRef = F55874551B132CE2006E87AE /* sfml-system.framework */; };
		F558745C1B132CE2006E87AE /* sfml-window.framework in Frameworks */ = {isa = PBXBuildFile; fileRef = F55874561B132CE2006E87AE /* sfml-window.framework */; };
		F558745D1B132CE2006E87AE /* SFML.framework in Frameworks */ = {isa = PBXBuildFile; fileRef = F55874571B132CE2006E87AE /* SFML.framework */; };
		F55874951B133567006E87AE /* CAssetManager.cpp in Sources */ = {isa = PBXBuildFile; fileRef = F558745F1B133567006E87AE /* CAssetManager.cpp */; };
		F55874961B133567006E87AE /* CBody.cpp in Sources */ = {isa = PBXBuildFile; fileRef = F55874611B133567006E87AE /* CBody.cpp */; };
		F55874971B133567006E87AE /* CCamera.cpp in Sources */ = {isa = PBXBuildFile; fileRef = F55874631B133567006E87AE /* CCamera.cpp */; };
		F55874981B133567006E87AE /* CChatBubble.cpp in Sources */ = {isa = PBXBuildFile; fileRef = F55874651B133567006E87AE /* CChatBubble.cpp */; };
		F55874991B133567006E87AE /* CClient.cpp in Sources */ = {isa = PBXBuildFile; fileRef = F55874671B133567006E87AE /* CClient.cpp */; };
		F558749A1B133567006E87AE /* CEntity.cpp in Sources */ = {isa = PBXBuildFile; fileRef = F55874691B133567006E87AE /* CEntity.cpp */; };
		F558749B1B133567006E87AE /* CEntityManager.cpp in Sources */ = {isa = PBXBuildFile; fileRef = F558746B1B133567006E87AE /* CEntityManager.cpp */; };
		F558749C1B133567006E87AE /* CGame.cpp in Sources */ = {isa = PBXBuildFile; fileRef = F558746D1B133567006E87AE /* CGame.cpp */; };
		F558749D1B133567006E87AE /* CGuiText.cpp in Sources */ = {isa = PBXBuildFile; fileRef = F558746F1B133567006E87AE /* CGuiText.cpp */; };
		F558749E1B133567006E87AE /* CInstance.cpp in Sources */ = {isa = PBXBuildFile; fileRef = F55874711B133567006E87AE /* CInstance.cpp */; };
		F558749F1B133567006E87AE /* CNetwork.cpp in Sources */ = {isa = PBXBuildFile; fileRef = F55874731B133567006E87AE /* CNetwork.cpp */; };
		F55874A01B133567006E87AE /* CParticle.cpp in Sources */ = {isa = PBXBuildFile; fileRef = F55874751B133567006E87AE /* CParticle.cpp */; };
		F55874A11B133567006E87AE /* CParticleEmitter.cpp in Sources */ = {isa = PBXBuildFile; fileRef = F55874771B133567006E87AE /* CParticleEmitter.cpp */; };
		F55874A21B133567006E87AE /* CPlayer.cpp in Sources */ = {isa = PBXBuildFile; fileRef = F55874791B133567006E87AE /* CPlayer.cpp */; };
		F55874A31B133567006E87AE /* CRenderable.cpp in Sources */ = {isa = PBXBuildFile; fileRef = F558747B1B133567006E87AE /* CRenderable.cpp */; };
		F55874A41B133567006E87AE /* CServer.cpp in Sources */ = {isa = PBXBuildFile; fileRef = F558747D1B133567006E87AE /* CServer.cpp */; };
		F55874A51B133567006E87AE /* CSprite.cpp in Sources */ = {isa = PBXBuildFile; fileRef = F558747F1B133567006E87AE /* CSprite.cpp */; };
		F55874A61B133567006E87AE /* CSpriteSheet.cpp in Sources */ = {isa = PBXBuildFile; fileRef = F55874811B133567006E87AE /* CSpriteSheet.cpp */; };
		F55874A71B133567006E87AE /* CText.cpp in Sources */ = {isa = PBXBuildFile; fileRef = F55874831B133567006E87AE /* CText.cpp */; };
		F55874A81B133567006E87AE /* CTile.cpp in Sources */ = {isa = PBXBuildFile; fileRef = F55874851B133567006E87AE /* CTile.cpp */; };
		F55874A91B133567006E87AE /* CWindow.cpp in Sources */ = {isa = PBXBuildFile; fileRef = F55874871B133567006E87AE /* CWindow.cpp */; };
		F55874AA1B133567006E87AE /* main.cpp in Sources */ = {isa = PBXBuildFile; fileRef = F558748B1B133567006E87AE /* main.cpp */; };
		F55874AB1B133567006E87AE /* NFile.cpp in Sources */ = {isa = PBXBuildFile; fileRef = F558748C1B133567006E87AE /* NFile.cpp */; };
		F55874AC1B133567006E87AE /* NMouse.cpp in Sources */ = {isa = PBXBuildFile; fileRef = F558748E1B133567006E87AE /* NMouse.cpp */; };
		F55874AD1B133567006E87AE /* NSurface.cpp in Sources */ = {isa = PBXBuildFile; fileRef = F55874901B133567006E87AE /* NSurface.cpp */; };
		F55874AE1B133567006E87AE /* ResourcePath.mm in Sources */ = {isa = PBXBuildFile; fileRef = F55874941B133567006E87AE /* ResourcePath.mm */; };
/* End PBXBuildFile section */

/* Begin PBXCopyFilesBuildPhase section */
		F55873F51B132C6C006E87AE /* CopyFiles */ = {
			isa = PBXCopyFilesBuildPhase;
			buildActionMask = 2147483647;
			dstPath = /usr/share/man/man1/;
			dstSubfolderSpec = 0;
			files = (
			);
			runOnlyForDeploymentPostprocessing = 1;
		};
/* End PBXCopyFilesBuildPhase section */

/* Begin PBXFileReference section */
		F55873F71B132C6C006E87AE /* Fifth-Server */ = {isa = PBXFileReference; explicitFileType = "compiled.mach-o.executable"; includeInIndex = 0; path = "Fifth-Server"; sourceTree = BUILT_PRODUCTS_DIR; };
		F558742D1B132CAC006E87AE /* Images.xcassets */ = {isa = PBXFileReference; lastKnownFileType = folder.assetcatalog; path = Images.xcassets; sourceTree = "<group>"; };
		F55874371B132CAC006E87AE /* resources */ = {isa = PBXFileReference; lastKnownFileType = folder; path = resources; sourceTree = "<group>"; };
		F55874521B132CE2006E87AE /* sfml-audio.framework */ = {isa = PBXFileReference; lastKnownFileType = wrapper.framework; name = "sfml-audio.framework"; path = "../../../../../../../Library/Frameworks/sfml-audio.framework"; sourceTree = "<group>"; };
		F55874531B132CE2006E87AE /* sfml-graphics.framework */ = {isa = PBXFileReference; lastKnownFileType = wrapper.framework; name = "sfml-graphics.framework"; path = "../../../../../../../Library/Frameworks/sfml-graphics.framework"; sourceTree = "<group>"; };
		F55874541B132CE2006E87AE /* sfml-network.framework */ = {isa = PBXFileReference; lastKnownFileType = wrapper.framework; name = "sfml-network.framework"; path = "../../../../../../../Library/Frameworks/sfml-network.framework"; sourceTree = "<group>"; };
		F55874551B132CE2006E87AE /* sfml-system.framework */ = {isa = PBXFileReference; lastKnownFileType = wrapper.framework; name = "sfml-system.framework"; path = "../../../../../../../Library/Frameworks/sfml-system.framework"; sourceTree = "<group>"; };
		F55874561B132CE2006E87AE /* sfml-window.framework */ = {isa = PBXFileReference; lastKnownFileType = wrapper.framework; name = "sfml-window.framework"; path = "../../../../../../../Library/Frameworks/sfml-window.framework"; sourceTree = "<group>"; };
		F55874571B132CE2006E87AE /* SFML.framework */ = {isa = PBXFileReference; lastKnownFileType = wrapper.framework; name = SFML.framework; path = ../../../../../../../Library/Frameworks/SFML.framework; sourceTree = "<group>"; };
		F558745F1B133567006E87AE /* CAssetManager.cpp */ = {isa = PBXFileReference; fileEncoding = 4; lastKnownFileType = sourcecode.cpp.cpp; path = CAssetManager.cpp; sourceTree = "<group>"; };
		F55874601B133567006E87AE /* CAssetManager.h */ = {isa = PBXFileReference; fileEncoding = 4; lastKnownFileType = sourcecode.c.h; path = CAssetManager.h; sourceTree = "<group>"; };
		F55874611B133567006E87AE /* CBody.cpp */ = {isa = PBXFileReference; fileEncoding = 4; lastKnownFileType = sourcecode.cpp.cpp; path = CBody.cpp; sourceTree = "<group>"; };
		F55874621B133567006E87AE /* CBody.h */ = {isa = PBXFileReference; fileEncoding = 4; lastKnownFileType = sourcecode.c.h; path = CBody.h; sourceTree = "<group>"; };
		F55874631B133567006E87AE /* CCamera.cpp */ = {isa = PBXFileReference; fileEncoding = 4; lastKnownFileType = sourcecode.cpp.cpp; path = CCamera.cpp; sourceTree = "<group>"; };
		F55874641B133567006E87AE /* CCamera.h */ = {isa = PBXFileReference; fileEncoding = 4; lastKnownFileType = sourcecode.c.h; path = CCamera.h; sourceTree = "<group>"; };
		F55874651B133567006E87AE /* CChatBubble.cpp */ = {isa = PBXFileReference; fileEncoding = 4; lastKnownFileType = sourcecode.cpp.cpp; path = CChatBubble.cpp; sourceTree = "<group>"; };
		F55874661B133567006E87AE /* CChatBubble.h */ = {isa = PBXFileReference; fileEncoding = 4; lastKnownFileType = sourcecode.c.h; path = CChatBubble.h; sourceTree = "<group>"; };
		F55874671B133567006E87AE /* CClient.cpp */ = {isa = PBXFileReference; fileEncoding = 4; lastKnownFileType = sourcecode.cpp.cpp; path = CClient.cpp; sourceTree = "<group>"; };
		F55874681B133567006E87AE /* CClient.h */ = {isa = PBXFileReference; fileEncoding = 4; lastKnownFileType = sourcecode.c.h; path = CClient.h; sourceTree = "<group>"; };
		F55874691B133567006E87AE /* CEntity.cpp */ = {isa = PBXFileReference; fileEncoding = 4; lastKnownFileType = sourcecode.cpp.cpp; path = CEntity.cpp; sourceTree = "<group>"; };
		F558746A1B133567006E87AE /* CEntity.h */ = {isa = PBXFileReference; fileEncoding = 4; lastKnownFileType = sourcecode.c.h; path = CEntity.h; sourceTree = "<group>"; };
		F558746B1B133567006E87AE /* CEntityManager.cpp */ = {isa = PBXFileReference; fileEncoding = 4; lastKnownFileType = sourcecode.cpp.cpp; path = CEntityManager.cpp; sourceTree = "<group>"; };
		F558746C1B133567006E87AE /* CEntityManager.h */ = {isa = PBXFileReference; fileEncoding = 4; lastKnownFileType = sourcecode.c.h; path = CEntityManager.h; sourceTree = "<group>"; };
		F558746D1B133567006E87AE /* CGame.cpp */ = {isa = PBXFileReference; fileEncoding = 4; lastKnownFileType = sourcecode.cpp.cpp; path = CGame.cpp; sourceTree = "<group>"; };
		F558746E1B133567006E87AE /* CGame.h */ = {isa = PBXFileReference; fileEncoding = 4; lastKnownFileType = sourcecode.c.h; path = CGame.h; sourceTree = "<group>"; };
		F558746F1B133567006E87AE /* CGuiText.cpp */ = {isa = PBXFileReference; fileEncoding = 4; lastKnownFileType = sourcecode.cpp.cpp; path = CGuiText.cpp; sourceTree = "<group>"; };
		F55874701B133567006E87AE /* CGuiText.h */ = {isa = PBXFileReference; fileEncoding = 4; lastKnownFileType = sourcecode.c.h; path = CGuiText.h; sourceTree = "<group>"; };
		F55874711B133567006E87AE /* CInstance.cpp */ = {isa = PBXFileReference; fileEncoding = 4; lastKnownFileType = sourcecode.cpp.cpp; path = CInstance.cpp; sourceTree = "<group>"; };
		F55874721B133567006E87AE /* CInstance.h */ = {isa = PBXFileReference; fileEncoding = 4; lastKnownFileType = sourcecode.c.h; path = CInstance.h; sourceTree = "<group>"; };
		F55874731B133567006E87AE /* CNetwork.cpp */ = {isa = PBXFileReference; fileEncoding = 4; lastKnownFileType = sourcecode.cpp.cpp; path = CNetwork.cpp; sourceTree = "<group>"; };
		F55874741B133567006E87AE /* CNetwork.h */ = {isa = PBXFileReference; fileEncoding = 4; lastKnownFileType = sourcecode.c.h; path = CNetwork.h; sourceTree = "<group>"; };
		F55874751B133567006E87AE /* CParticle.cpp */ = {isa = PBXFileReference; fileEncoding = 4; lastKnownFileType = sourcecode.cpp.cpp; path = CParticle.cpp; sourceTree = "<group>"; };
		F55874761B133567006E87AE /* CParticle.h */ = {isa = PBXFileReference; fileEncoding = 4; lastKnownFileType = sourcecode.c.h; path = CParticle.h; sourceTree = "<group>"; };
		F55874771B133567006E87AE /* CParticleEmitter.cpp */ = {isa = PBXFileReference; fileEncoding = 4; lastKnownFileType = sourcecode.cpp.cpp; path = CParticleEmitter.cpp; sourceTree = "<group>"; };
		F55874781B133567006E87AE /* CParticleEmitter.h */ = {isa = PBXFileReference; fileEncoding = 4; lastKnownFileType = sourcecode.c.h; path = CParticleEmitter.h; sourceTree = "<group>"; };
		F55874791B133567006E87AE /* CPlayer.cpp */ = {isa = PBXFileReference; fileEncoding = 4; lastKnownFileType = sourcecode.cpp.cpp; path = CPlayer.cpp; sourceTree = "<group>"; };
		F558747A1B133567006E87AE /* CPlayer.h */ = {isa = PBXFileReference; fileEncoding = 4; lastKnownFileType = sourcecode.c.h; path = CPlayer.h; sourceTree = "<group>"; };
		F558747B1B133567006E87AE /* CRenderable.cpp */ = {isa = PBXFileReference; fileEncoding = 4; lastKnownFileType = sourcecode.cpp.cpp; path = CRenderable.cpp; sourceTree = "<group>"; };
		F558747C1B133567006E87AE /* CRenderable.h */ = {isa = PBXFileReference; fileEncoding = 4; lastKnownFileType = sourcecode.c.h; path = CRenderable.h; sourceTree = "<group>"; };
		F558747D1B133567006E87AE /* CServer.cpp */ = {isa = PBXFileReference; fileEncoding = 4; lastKnownFileType = sourcecode.cpp.cpp; path = CServer.cpp; sourceTree = "<group>"; };
		F558747E1B133567006E87AE /* CServer.h */ = {isa = PBXFileReference; fileEncoding = 4; lastKnownFileType = sourcecode.c.h; path = CServer.h; sourceTree = "<group>"; };
		F558747F1B133567006E87AE /* CSprite.cpp */ = {isa = PBXFileReference; fileEncoding = 4; lastKnownFileType = sourcecode.cpp.cpp; path = CSprite.cpp; sourceTree = "<group>"; };
		F55874801B133567006E87AE /* CSprite.h */ = {isa = PBXFileReference; fileEncoding = 4; lastKnownFileType = sourcecode.c.h; path = CSprite.h; sourceTree = "<group>"; };
		F55874811B133567006E87AE /* CSpriteSheet.cpp */ = {isa = PBXFileReference; fileEncoding = 4; lastKnownFileType = sourcecode.cpp.cpp; path = CSpriteSheet.cpp; sourceTree = "<group>"; };
		F55874821B133567006E87AE /* CSpriteSheet.h */ = {isa = PBXFileReference; fileEncoding = 4; lastKnownFileType = sourcecode.c.h; path = CSpriteSheet.h; sourceTree = "<group>"; };
		F55874831B133567006E87AE /* CText.cpp */ = {isa = PBXFileReference; fileEncoding = 4; lastKnownFileType = sourcecode.cpp.cpp; path = CText.cpp; sourceTree = "<group>"; };
		F55874841B133567006E87AE /* CText.h */ = {isa = PBXFileReference; fileEncoding = 4; lastKnownFileType = sourcecode.c.h; path = CText.h; sourceTree = "<group>"; };
		F55874851B133567006E87AE /* CTile.cpp */ = {isa = PBXFileReference; fileEncoding = 4; lastKnownFileType = sourcecode.cpp.cpp; path = CTile.cpp; sourceTree = "<group>"; };
		F55874861B133567006E87AE /* CTile.h */ = {isa = PBXFileReference; fileEncoding = 4; lastKnownFileType = sourcecode.c.h; path = CTile.h; sourceTree = "<group>"; };
		F55874871B133567006E87AE /* CWindow.cpp */ = {isa = PBXFileReference; fileEncoding = 4; lastKnownFileType = sourcecode.cpp.cpp; path = CWindow.cpp; sourceTree = "<group>"; };
		F55874881B133567006E87AE /* CWindow.h */ = {isa = PBXFileReference; fileEncoding = 4; lastKnownFileType = sourcecode.c.h; path = CWindow.h; sourceTree = "<group>"; };
		F55874891B133567006E87AE /* Define.h */ = {isa = PBXFileReference; fileEncoding = 4; lastKnownFileType = sourcecode.c.h; path = Define.h; sourceTree = "<group>"; };
		F558748A1B133567006E87AE /* Fifth-Server-Info.plist */ = {isa = PBXFileReference; fileEncoding = 4; lastKnownFileType = text.plist.xml; path = "Fifth-Server-Info.plist"; sourceTree = "<group>"; };
		F558748B1B133567006E87AE /* main.cpp */ = {isa = PBXFileReference; fileEncoding = 4; lastKnownFileType = sourcecode.cpp.cpp; path = main.cpp; sourceTree = "<group>"; };
		F558748C1B133567006E87AE /* NFile.cpp */ = {isa = PBXFileReference; fileEncoding = 4; lastKnownFileType = sourcecode.cpp.cpp; path = NFile.cpp; sourceTree = "<group>"; };
		F558748D1B133567006E87AE /* NFile.h */ = {isa = PBXFileReference; fileEncoding = 4; lastKnownFileType = sourcecode.c.h; path = NFile.h; sourceTree = "<group>"; };
		F558748E1B133567006E87AE /* NMouse.cpp */ = {isa = PBXFileReference; fileEncoding = 4; lastKnownFileType = sourcecode.cpp.cpp; path = NMouse.cpp; sourceTree = "<group>"; };
		F558748F1B133567006E87AE /* NMouse.h */ = {isa = PBXFileReference; fileEncoding = 4; lastKnownFileType = sourcecode.c.h; path = NMouse.h; sourceTree = "<group>"; };
		F55874901B133567006E87AE /* NSurface.cpp */ = {isa = PBXFileReference; fileEncoding = 4; lastKnownFileType = sourcecode.cpp.cpp; path = NSurface.cpp; sourceTree = "<group>"; };
		F55874911B133567006E87AE /* NSurface.h */ = {isa = PBXFileReference; fileEncoding = 4; lastKnownFileType = sourcecode.c.h; path = NSurface.h; sourceTree = "<group>"; };
		F55874921B133567006E87AE /* rapidjson */ = {isa = PBXFileReference; lastKnownFileType = folder; path = rapidjson; sourceTree = "<group>"; };
		F55874931B133567006E87AE /* ResourcePath.hpp */ = {isa = PBXFileReference; fileEncoding = 4; lastKnownFileType = sourcecode.cpp.h; path = ResourcePath.hpp; sourceTree = "<group>"; };
		F55874941B133567006E87AE /* ResourcePath.mm */ = {isa = PBXFileReference; fileEncoding = 4; lastKnownFileType = sourcecode.cpp.objcpp; path = ResourcePath.mm; sourceTree = "<group>"; };
/* End PBXFileReference section */

/* Begin PBXFrameworksBuildPhase section */
		F55873F41B132C6C006E87AE /* Frameworks */ = {
			isa = PBXFrameworksBuildPhase;
			buildActionMask = 2147483647;
			files = (
				F55874581B132CE2006E87AE /* sfml-audio.framework in Frameworks */,
				F55874591B132CE2006E87AE /* sfml-graphics.framework in Frameworks */,
				F558745A1B132CE2006E87AE /* sfml-network.framework in Frameworks */,
				F558745B1B132CE2006E87AE /* sfml-system.framework in Frameworks */,
				F558745C1B132CE2006E87AE /* sfml-window.framework in Frameworks */,
				F558745D1B132CE2006E87AE /* SFML.framework in Frameworks */,
			);
			runOnlyForDeploymentPostprocessing = 0;
		};
/* End PBXFrameworksBuildPhase section */

/* Begin PBXGroup section */
		F55873EE1B132C6C006E87AE = {
			isa = PBXGroup;
			children = (
				F55874521B132CE2006E87AE /* sfml-audio.framework */,
				F55874531B132CE2006E87AE /* sfml-graphics.framework */,
				F55874541B132CE2006E87AE /* sfml-network.framework */,
				F55874551B132CE2006E87AE /* sfml-system.framework */,
				F55874561B132CE2006E87AE /* sfml-window.framework */,
				F55874571B132CE2006E87AE /* SFML.framework */,
				F55873F91B132C6C006E87AE /* Fifth-Server */,
				F55873F81B132C6C006E87AE /* Products */,
			);
			sourceTree = "<group>";
		};
		F55873F81B132C6C006E87AE /* Products */ = {
			isa = PBXGroup;
			children = (
				F55873F71B132C6C006E87AE /* Fifth-Server */,
			);
			name = Products;
			sourceTree = "<group>";
		};
		F55873F91B132C6C006E87AE /* Fifth-Server */ = {
			isa = PBXGroup;
			children = (
				F558745F1B133567006E87AE /* CAssetManager.cpp */,
				F55874601B133567006E87AE /* CAssetManager.h */,
				F55874611B133567006E87AE /* CBody.cpp */,
				F55874621B133567006E87AE /* CBody.h */,
				F55874631B133567006E87AE /* CCamera.cpp */,
				F55874641B133567006E87AE /* CCamera.h */,
				F55874651B133567006E87AE /* CChatBubble.cpp */,
				F55874661B133567006E87AE /* CChatBubble.h */,
				F55874671B133567006E87AE /* CClient.cpp */,
				F55874681B133567006E87AE /* CClient.h */,
				F55874691B133567006E87AE /* CEntity.cpp */,
				F558746A1B133567006E87AE /* CEntity.h */,
				F558746B1B133567006E87AE /* CEntityManager.cpp */,
				F558746C1B133567006E87AE /* CEntityManager.h */,
				F558746D1B133567006E87AE /* CGame.cpp */,
				F558746E1B133567006E87AE /* CGame.h */,
				F558746F1B133567006E87AE /* CGuiText.cpp */,
				F55874701B133567006E87AE /* CGuiText.h */,
				F55874711B133567006E87AE /* CInstance.cpp */,
				F55874721B133567006E87AE /* CInstance.h */,
				F55874731B133567006E87AE /* CNetwork.cpp */,
				F55874741B133567006E87AE /* CNetwork.h */,
				F55874751B133567006E87AE /* CParticle.cpp */,
				F55874761B133567006E87AE /* CParticle.h */,
				F55874771B133567006E87AE /* CParticleEmitter.cpp */,
				F55874781B133567006E87AE /* CParticleEmitter.h */,
				F55874791B133567006E87AE /* CPlayer.cpp */,
				F558747A1B133567006E87AE /* CPlayer.h */,
				F558747B1B133567006E87AE /* CRenderable.cpp */,
				F558747C1B133567006E87AE /* CRenderable.h */,
				F558747D1B133567006E87AE /* CServer.cpp */,
				F558747E1B133567006E87AE /* CServer.h */,
				F558747F1B133567006E87AE /* CSprite.cpp */,
				F55874801B133567006E87AE /* CSprite.h */,
				F55874811B133567006E87AE /* CSpriteSheet.cpp */,
				F55874821B133567006E87AE /* CSpriteSheet.h */,
				F55874831B133567006E87AE /* CText.cpp */,
				F55874841B133567006E87AE /* CText.h */,
				F55874851B133567006E87AE /* CTile.cpp */,
				F55874861B133567006E87AE /* CTile.h */,
				F55874871B133567006E87AE /* CWindow.cpp */,
				F55874881B133567006E87AE /* CWindow.h */,
				F55874891B133567006E87AE /* Define.h */,
				F558748A1B133567006E87AE /* Fifth-Server-Info.plist */,
				F558748B1B133567006E87AE /* main.cpp */,
				F558748C1B133567006E87AE /* NFile.cpp */,
				F558748D1B133567006E87AE /* NFile.h */,
				F558748E1B133567006E87AE /* NMouse.cpp */,
				F558748F1B133567006E87AE /* NMouse.h */,
				F55874901B133567006E87AE /* NSurface.cpp */,
				F55874911B133567006E87AE /* NSurface.h */,
				F55874921B133567006E87AE /* rapidjson */,
				F55874931B133567006E87AE /* ResourcePath.hpp */,
				F55874941B133567006E87AE /* ResourcePath.mm */,
				F558742D1B132CAC006E87AE /* Images.xcassets */,
				F55874371B132CAC006E87AE /* resources */,
			);
			path = "Fifth-Server";
			sourceTree = "<group>";
		};
/* End PBXGroup section */

/* Begin PBXNativeTarget section */
		F55873F61B132C6C006E87AE /* Fifth-Server */ = {
			isa = PBXNativeTarget;
			buildConfigurationList = F55873FE1B132C6C006E87AE /* Build configuration list for PBXNativeTarget "Fifth-Server" */;
			buildPhases = (
				F55873F31B132C6C006E87AE /* Sources */,
				F55873F41B132C6C006E87AE /* Frameworks */,
				F55873F51B132C6C006E87AE /* CopyFiles */,
			);
			buildRules = (
			);
			dependencies = (
			);
			name = "Fifth-Server";
			productName = "Fifth-Server";
			productReference = F55873F71B132C6C006E87AE /* Fifth-Server */;
			productType = "com.apple.product-type.tool";
		};
/* End PBXNativeTarget section */

/* Begin PBXProject section */
		F55873EF1B132C6C006E87AE /* Project object */ = {
			isa = PBXProject;
			attributes = {
				LastUpgradeCheck = 0620;
				ORGANIZATIONNAME = "Didrik Munther";
				TargetAttributes = {
					F55873F61B132C6C006E87AE = {
						CreatedOnToolsVersion = 6.2;
					};
				};
			};
			buildConfigurationList = F55873F21B132C6C006E87AE /* Build configuration list for PBXProject "Fifth-Server" */;
			compatibilityVersion = "Xcode 3.2";
			developmentRegion = English;
			hasScannedForEncodings = 0;
			knownRegions = (
				en,
			);
			mainGroup = F55873EE1B132C6C006E87AE;
			productRefGroup = F55873F81B132C6C006E87AE /* Products */;
			projectDirPath = "";
			projectRoot = "";
			targets = (
				F55873F61B132C6C006E87AE /* Fifth-Server */,
			);
		};
/* End PBXProject section */

/* Begin PBXSourcesBuildPhase section */
		F55873F31B132C6C006E87AE /* Sources */ = {
			isa = PBXSourcesBuildPhase;
			buildActionMask = 2147483647;
			files = (
				F558749E1B133567006E87AE /* CInstance.cpp in Sources */,
				F558749D1B133567006E87AE /* CGuiText.cpp in Sources */,
				F55874AD1B133567006E87AE /* NSurface.cpp in Sources */,
				F558749A1B133567006E87AE /* CEntity.cpp in Sources */,
				F55874A91B133567006E87AE /* CWindow.cpp in Sources */,
				F55874AA1B133567006E87AE /* main.cpp in Sources */,
				F55874951B133567006E87AE /* CAssetManager.cpp in Sources */,
				F55874AB1B133567006E87AE /* NFile.cpp in Sources */,
				F558749B1B133567006E87AE /* CEntityManager.cpp in Sources */,
				F55874A01B133567006E87AE /* CParticle.cpp in Sources */,
				F55874A41B133567006E87AE /* CServer.cpp in Sources */,
				F55874A21B133567006E87AE /* CPlayer.cpp in Sources */,
				F55874A31B133567006E87AE /* CRenderable.cpp in Sources */,
				F558749F1B133567006E87AE /* CNetwork.cpp in Sources */,
				F55874A11B133567006E87AE /* CParticleEmitter.cpp in Sources */,
				F55874971B133567006E87AE /* CCamera.cpp in Sources */,
				F55874A61B133567006E87AE /* CSpriteSheet.cpp in Sources */,
				F55874961B133567006E87AE /* CBody.cpp in Sources */,
				F55874991B133567006E87AE /* CClient.cpp in Sources */,
				F55874AC1B133567006E87AE /* NMouse.cpp in Sources */,
				F55874AE1B133567006E87AE /* ResourcePath.mm in Sources */,
				F55874981B133567006E87AE /* CChatBubble.cpp in Sources */,
				F55874A71B133567006E87AE /* CText.cpp in Sources */,
				F558749C1B133567006E87AE /* CGame.cpp in Sources */,
				F55874A51B133567006E87AE /* CSprite.cpp in Sources */,
				F55874A81B133567006E87AE /* CTile.cpp in Sources */,
			);
			runOnlyForDeploymentPostprocessing = 0;
		};
/* End PBXSourcesBuildPhase section */

/* Begin XCBuildConfiguration section */
		F55873FC1B132C6C006E87AE /* Debug */ = {
			isa = XCBuildConfiguration;
			buildSettings = {
				ALWAYS_SEARCH_USER_PATHS = NO;
				CLANG_CXX_LANGUAGE_STANDARD = "gnu++0x";
				CLANG_CXX_LIBRARY = "libc++";
				CLANG_ENABLE_MODULES = YES;
				CLANG_ENABLE_OBJC_ARC = YES;
				CLANG_WARN_BOOL_CONVERSION = YES;
				CLANG_WARN_CONSTANT_CONVERSION = YES;
				CLANG_WARN_DIRECT_OBJC_ISA_USAGE = YES_ERROR;
				CLANG_WARN_EMPTY_BODY = YES;
				CLANG_WARN_ENUM_CONVERSION = YES;
				CLANG_WARN_INT_CONVERSION = YES;
				CLANG_WARN_OBJC_ROOT_CLASS = YES_ERROR;
				CLANG_WARN_UNREACHABLE_CODE = YES;
				CLANG_WARN__DUPLICATE_METHOD_MATCH = YES;
				COPY_PHASE_STRIP = NO;
				ENABLE_STRICT_OBJC_MSGSEND = YES;
				GCC_C_LANGUAGE_STANDARD = gnu99;
				GCC_DYNAMIC_NO_PIC = NO;
				GCC_OPTIMIZATION_LEVEL = 0;
				GCC_PREPROCESSOR_DEFINITIONS = (
					"DEBUG=1",
					"$(inherited)",
				);
				GCC_SYMBOLS_PRIVATE_EXTERN = NO;
				GCC_WARN_64_TO_32_BIT_CONVERSION = YES;
				GCC_WARN_ABOUT_RETURN_TYPE = YES_ERROR;
				GCC_WARN_UNDECLARED_SELECTOR = YES;
				GCC_WARN_UNINITIALIZED_AUTOS = YES_AGGRESSIVE;
				GCC_WARN_UNUSED_FUNCTION = YES;
				GCC_WARN_UNUSED_VARIABLE = YES;
				MACOSX_DEPLOYMENT_TARGET = 10.10;
				MTL_ENABLE_DEBUG_INFO = YES;
				ONLY_ACTIVE_ARCH = YES;
				SDKROOT = macosx;
			};
			name = Debug;
		};
		F55873FD1B132C6C006E87AE /* Release */ = {
			isa = XCBuildConfiguration;
			buildSettings = {
				ALWAYS_SEARCH_USER_PATHS = NO;
				CLANG_CXX_LANGUAGE_STANDARD = "gnu++0x";
				CLANG_CXX_LIBRARY = "libc++";
				CLANG_ENABLE_MODULES = YES;
				CLANG_ENABLE_OBJC_ARC = YES;
				CLANG_WARN_BOOL_CONVERSION = YES;
				CLANG_WARN_CONSTANT_CONVERSION = YES;
				CLANG_WARN_DIRECT_OBJC_ISA_USAGE = YES_ERROR;
				CLANG_WARN_EMPTY_BODY = YES;
				CLANG_WARN_ENUM_CONVERSION = YES;
				CLANG_WARN_INT_CONVERSION = YES;
				CLANG_WARN_OBJC_ROOT_CLASS = YES_ERROR;
				CLANG_WARN_UNREACHABLE_CODE = YES;
				CLANG_WARN__DUPLICATE_METHOD_MATCH = YES;
				COPY_PHASE_STRIP = NO;
				DEBUG_INFORMATION_FORMAT = "dwarf-with-dsym";
				ENABLE_NS_ASSERTIONS = NO;
				ENABLE_STRICT_OBJC_MSGSEND = YES;
				GCC_C_LANGUAGE_STANDARD = gnu99;
				GCC_WARN_64_TO_32_BIT_CONVERSION = YES;
				GCC_WARN_ABOUT_RETURN_TYPE = YES_ERROR;
				GCC_WARN_UNDECLARED_SELECTOR = YES;
				GCC_WARN_UNINITIALIZED_AUTOS = YES_AGGRESSIVE;
				GCC_WARN_UNUSED_FUNCTION = YES;
				GCC_WARN_UNUSED_VARIABLE = YES;
				MACOSX_DEPLOYMENT_TARGET = 10.10;
				MTL_ENABLE_DEBUG_INFO = NO;
				SDKROOT = macosx;
			};
			name = Release;
		};
		F55873FF1B132C6C006E87AE /* Debug */ = {
			isa = XCBuildConfiguration;
			buildSettings = {
				CLANG_ENABLE_OBJC_ARC = NO;
				FRAMEWORK_SEARCH_PATHS = (
					"$(inherited)",
					"$(LOCAL_LIBRARY_DIR)/Frameworks",
				);
				PRODUCT_NAME = "$(TARGET_NAME)";
			};
			name = Debug;
		};
		F55874001B132C6C006E87AE /* Release */ = {
			isa = XCBuildConfiguration;
			buildSettings = {
				CLANG_ENABLE_OBJC_ARC = NO;
				FRAMEWORK_SEARCH_PATHS = (
					"$(inherited)",
					"$(LOCAL_LIBRARY_DIR)/Frameworks",
				);
				PRODUCT_NAME = "$(TARGET_NAME)";
			};
			name = Release;
		};
/* End XCBuildConfiguration section */

/* Begin XCConfigurationList section */
		F55873F21B132C6C006E87AE /* Build configuration list for PBXProject "Fifth-Server" */ = {
			isa = XCConfigurationList;
			buildConfigurations = (
				F55873FC1B132C6C006E87AE /* Debug */,
				F55873FD1B132C6C006E87AE /* Release */,
			);
			defaultConfigurationIsVisible = 0;
			defaultConfigurationName = Release;
		};
		F55873FE1B132C6C006E87AE /* Build configuration list for PBXNativeTarget "Fifth-Server" */ = {
			isa = XCConfigurationList;
			buildConfigurations = (
				F55873FF1B132C6C006E87AE /* Debug */,
				F55874001B132C6C006E87AE /* Release */,
			);
			defaultConfigurationIsVisible = 0;
			defaultConfigurationName = Release;
		};
/* End XCConfigurationList section */
	};
	rootObject = F55873EF1B132C6C006E87AE /* Project object */;
}
