// !$*UTF8*$!
{
	archiveVersion = 1;
	classes = {
	};
	objectVersion = 46;
	objects = {

/* Begin PBXBuildFile section */
		F5B5BB841B0A20C500D93B7B /* CAssetManager.cpp in Sources */ = {isa = PBXBuildFile; fileRef = F5B5BB501B0A20C500D93B7B /* CAssetManager.cpp */; };
		F5B5BB851B0A20C500D93B7B /* CBody.cpp in Sources */ = {isa = PBXBuildFile; fileRef = F5B5BB521B0A20C500D93B7B /* CBody.cpp */; };
		F5B5BB861B0A20C500D93B7B /* CCamera.cpp in Sources */ = {isa = PBXBuildFile; fileRef = F5B5BB541B0A20C500D93B7B /* CCamera.cpp */; };
		F5B5BB871B0A20C500D93B7B /* CChatBubble.cpp in Sources */ = {isa = PBXBuildFile; fileRef = F5B5BB561B0A20C500D93B7B /* CChatBubble.cpp */; };
		F5B5BB881B0A20C500D93B7B /* CEntity.cpp in Sources */ = {isa = PBXBuildFile; fileRef = F5B5BB581B0A20C500D93B7B /* CEntity.cpp */; };
		F5B5BB891B0A20C500D93B7B /* CEntityManager.cpp in Sources */ = {isa = PBXBuildFile; fileRef = F5B5BB5A1B0A20C500D93B7B /* CEntityManager.cpp */; };
		F5B5BB8A1B0A20C500D93B7B /* CGame.cpp in Sources */ = {isa = PBXBuildFile; fileRef = F5B5BB5C1B0A20C500D93B7B /* CGame.cpp */; };
		F5B5BB8B1B0A20C500D93B7B /* CGuiText.cpp in Sources */ = {isa = PBXBuildFile; fileRef = F5B5BB5E1B0A20C500D93B7B /* CGuiText.cpp */; };
		F5B5BB8C1B0A20C500D93B7B /* CInstance.cpp in Sources */ = {isa = PBXBuildFile; fileRef = F5B5BB601B0A20C500D93B7B /* CInstance.cpp */; };
		F5B5BB8D1B0A20C500D93B7B /* CNetwork.cpp in Sources */ = {isa = PBXBuildFile; fileRef = F5B5BB621B0A20C500D93B7B /* CNetwork.cpp */; };
		F5B5BB8E1B0A20C500D93B7B /* CParticle.cpp in Sources */ = {isa = PBXBuildFile; fileRef = F5B5BB641B0A20C500D93B7B /* CParticle.cpp */; };
		F5B5BB8F1B0A20C500D93B7B /* CParticleEmitter.cpp in Sources */ = {isa = PBXBuildFile; fileRef = F5B5BB661B0A20C500D93B7B /* CParticleEmitter.cpp */; };
		F5B5BB901B0A20C500D93B7B /* CPlayer.cpp in Sources */ = {isa = PBXBuildFile; fileRef = F5B5BB681B0A20C500D93B7B /* CPlayer.cpp */; };
		F5B5BB911B0A20C500D93B7B /* CRenderable.cpp in Sources */ = {isa = PBXBuildFile; fileRef = F5B5BB6A1B0A20C500D93B7B /* CRenderable.cpp */; };
		F5B5BB921B0A20C500D93B7B /* CSprite.cpp in Sources */ = {isa = PBXBuildFile; fileRef = F5B5BB6C1B0A20C500D93B7B /* CSprite.cpp */; };
		F5B5BB931B0A20C500D93B7B /* CSpriteSheet.cpp in Sources */ = {isa = PBXBuildFile; fileRef = F5B5BB6E1B0A20C500D93B7B /* CSpriteSheet.cpp */; };
		F5B5BB941B0A20C500D93B7B /* CText.cpp in Sources */ = {isa = PBXBuildFile; fileRef = F5B5BB701B0A20C500D93B7B /* CText.cpp */; };
		F5B5BB951B0A20C500D93B7B /* CTile.cpp in Sources */ = {isa = PBXBuildFile; fileRef = F5B5BB721B0A20C500D93B7B /* CTile.cpp */; };
		F5B5BB961B0A20C500D93B7B /* CWindow.cpp in Sources */ = {isa = PBXBuildFile; fileRef = F5B5BB741B0A20C500D93B7B /* CWindow.cpp */; };
		F5B5BB981B0A20C500D93B7B /* Images.xcassets in Resources */ = {isa = PBXBuildFile; fileRef = F5B5BB781B0A20C500D93B7B /* Images.xcassets */; };
		F5B5BB991B0A20C500D93B7B /* main.cpp in Sources */ = {isa = PBXBuildFile; fileRef = F5B5BB791B0A20C500D93B7B /* main.cpp */; };
		F5B5BB9A1B0A20C500D93B7B /* NFile.cpp in Sources */ = {isa = PBXBuildFile; fileRef = F5B5BB7A1B0A20C500D93B7B /* NFile.cpp */; };
		F5B5BB9B1B0A20C500D93B7B /* NMouse.cpp in Sources */ = {isa = PBXBuildFile; fileRef = F5B5BB7C1B0A20C500D93B7B /* NMouse.cpp */; };
		F5B5BB9C1B0A20C500D93B7B /* NSurface.cpp in Sources */ = {isa = PBXBuildFile; fileRef = F5B5BB7E1B0A20C500D93B7B /* NSurface.cpp */; };
		F5B5BB9D1B0A20C500D93B7B /* ResourcePath.mm in Sources */ = {isa = PBXBuildFile; fileRef = F5B5BB811B0A20C500D93B7B /* ResourcePath.mm */; };
		F5B5BB9E1B0A20C500D93B7B /* resources in Resources */ = {isa = PBXBuildFile; fileRef = F5B5BB821B0A20C500D93B7B /* resources */; };
/* End PBXBuildFile section */

/* Begin PBXFileReference section */
		F5B5BB381B0A208B00D93B7B /* Fifth-Client.app */ = {isa = PBXFileReference; explicitFileType = wrapper.application; includeInIndex = 0; path = "Fifth-Client.app"; sourceTree = BUILT_PRODUCTS_DIR; };
		F5B5BB501B0A20C500D93B7B /* CAssetManager.cpp */ = {isa = PBXFileReference; fileEncoding = 4; lastKnownFileType = sourcecode.cpp.cpp; path = CAssetManager.cpp; sourceTree = "<group>"; };
		F5B5BB511B0A20C500D93B7B /* CAssetManager.h */ = {isa = PBXFileReference; fileEncoding = 4; lastKnownFileType = sourcecode.c.h; path = CAssetManager.h; sourceTree = "<group>"; };
		F5B5BB521B0A20C500D93B7B /* CBody.cpp */ = {isa = PBXFileReference; fileEncoding = 4; lastKnownFileType = sourcecode.cpp.cpp; path = CBody.cpp; sourceTree = "<group>"; };
		F5B5BB531B0A20C500D93B7B /* CBody.h */ = {isa = PBXFileReference; fileEncoding = 4; lastKnownFileType = sourcecode.c.h; path = CBody.h; sourceTree = "<group>"; };
		F5B5BB541B0A20C500D93B7B /* CCamera.cpp */ = {isa = PBXFileReference; fileEncoding = 4; lastKnownFileType = sourcecode.cpp.cpp; path = CCamera.cpp; sourceTree = "<group>"; };
		F5B5BB551B0A20C500D93B7B /* CCamera.h */ = {isa = PBXFileReference; fileEncoding = 4; lastKnownFileType = sourcecode.c.h; path = CCamera.h; sourceTree = "<group>"; };
		F5B5BB561B0A20C500D93B7B /* CChatBubble.cpp */ = {isa = PBXFileReference; fileEncoding = 4; lastKnownFileType = sourcecode.cpp.cpp; path = CChatBubble.cpp; sourceTree = "<group>"; };
		F5B5BB571B0A20C500D93B7B /* CChatBubble.h */ = {isa = PBXFileReference; fileEncoding = 4; lastKnownFileType = sourcecode.c.h; path = CChatBubble.h; sourceTree = "<group>"; };
		F5B5BB581B0A20C500D93B7B /* CEntity.cpp */ = {isa = PBXFileReference; fileEncoding = 4; lastKnownFileType = sourcecode.cpp.cpp; path = CEntity.cpp; sourceTree = "<group>"; };
		F5B5BB591B0A20C500D93B7B /* CEntity.h */ = {isa = PBXFileReference; fileEncoding = 4; lastKnownFileType = sourcecode.c.h; path = CEntity.h; sourceTree = "<group>"; };
		F5B5BB5A1B0A20C500D93B7B /* CEntityManager.cpp */ = {isa = PBXFileReference; fileEncoding = 4; lastKnownFileType = sourcecode.cpp.cpp; path = CEntityManager.cpp; sourceTree = "<group>"; };
		F5B5BB5B1B0A20C500D93B7B /* CEntityManager.h */ = {isa = PBXFileReference; fileEncoding = 4; lastKnownFileType = sourcecode.c.h; path = CEntityManager.h; sourceTree = "<group>"; };
		F5B5BB5C1B0A20C500D93B7B /* CGame.cpp */ = {isa = PBXFileReference; fileEncoding = 4; lastKnownFileType = sourcecode.cpp.cpp; path = CGame.cpp; sourceTree = "<group>"; };
		F5B5BB5D1B0A20C500D93B7B /* CGame.h */ = {isa = PBXFileReference; fileEncoding = 4; lastKnownFileType = sourcecode.c.h; path = CGame.h; sourceTree = "<group>"; };
		F5B5BB5E1B0A20C500D93B7B /* CGuiText.cpp */ = {isa = PBXFileReference; fileEncoding = 4; lastKnownFileType = sourcecode.cpp.cpp; path = CGuiText.cpp; sourceTree = "<group>"; };
		F5B5BB5F1B0A20C500D93B7B /* CGuiText.h */ = {isa = PBXFileReference; fileEncoding = 4; lastKnownFileType = sourcecode.c.h; path = CGuiText.h; sourceTree = "<group>"; };
		F5B5BB601B0A20C500D93B7B /* CInstance.cpp */ = {isa = PBXFileReference; fileEncoding = 4; lastKnownFileType = sourcecode.cpp.cpp; path = CInstance.cpp; sourceTree = "<group>"; };
		F5B5BB611B0A20C500D93B7B /* CInstance.h */ = {isa = PBXFileReference; fileEncoding = 4; lastKnownFileType = sourcecode.c.h; path = CInstance.h; sourceTree = "<group>"; };
		F5B5BB621B0A20C500D93B7B /* CNetwork.cpp */ = {isa = PBXFileReference; fileEncoding = 4; lastKnownFileType = sourcecode.cpp.cpp; path = CNetwork.cpp; sourceTree = "<group>"; };
		F5B5BB631B0A20C500D93B7B /* CNetwork.h */ = {isa = PBXFileReference; fileEncoding = 4; lastKnownFileType = sourcecode.c.h; path = CNetwork.h; sourceTree = "<group>"; };
		F5B5BB641B0A20C500D93B7B /* CParticle.cpp */ = {isa = PBXFileReference; fileEncoding = 4; lastKnownFileType = sourcecode.cpp.cpp; path = CParticle.cpp; sourceTree = "<group>"; };
		F5B5BB651B0A20C500D93B7B /* CParticle.h */ = {isa = PBXFileReference; fileEncoding = 4; lastKnownFileType = sourcecode.c.h; path = CParticle.h; sourceTree = "<group>"; };
		F5B5BB661B0A20C500D93B7B /* CParticleEmitter.cpp */ = {isa = PBXFileReference; fileEncoding = 4; lastKnownFileType = sourcecode.cpp.cpp; path = CParticleEmitter.cpp; sourceTree = "<group>"; };
		F5B5BB671B0A20C500D93B7B /* CParticleEmitter.h */ = {isa = PBXFileReference; fileEncoding = 4; lastKnownFileType = sourcecode.c.h; path = CParticleEmitter.h; sourceTree = "<group>"; };
		F5B5BB681B0A20C500D93B7B /* CPlayer.cpp */ = {isa = PBXFileReference; fileEncoding = 4; lastKnownFileType = sourcecode.cpp.cpp; path = CPlayer.cpp; sourceTree = "<group>"; };
		F5B5BB691B0A20C500D93B7B /* CPlayer.h */ = {isa = PBXFileReference; fileEncoding = 4; lastKnownFileType = sourcecode.c.h; path = CPlayer.h; sourceTree = "<group>"; };
		F5B5BB6A1B0A20C500D93B7B /* CRenderable.cpp */ = {isa = PBXFileReference; fileEncoding = 4; lastKnownFileType = sourcecode.cpp.cpp; path = CRenderable.cpp; sourceTree = "<group>"; };
		F5B5BB6B1B0A20C500D93B7B /* CRenderable.h */ = {isa = PBXFileReference; fileEncoding = 4; lastKnownFileType = sourcecode.c.h; path = CRenderable.h; sourceTree = "<group>"; };
		F5B5BB6C1B0A20C500D93B7B /* CSprite.cpp */ = {isa = PBXFileReference; fileEncoding = 4; lastKnownFileType = sourcecode.cpp.cpp; path = CSprite.cpp; sourceTree = "<group>"; };
		F5B5BB6D1B0A20C500D93B7B /* CSprite.h */ = {isa = PBXFileReference; fileEncoding = 4; lastKnownFileType = sourcecode.c.h; path = CSprite.h; sourceTree = "<group>"; };
		F5B5BB6E1B0A20C500D93B7B /* CSpriteSheet.cpp */ = {isa = PBXFileReference; fileEncoding = 4; lastKnownFileType = sourcecode.cpp.cpp; path = CSpriteSheet.cpp; sourceTree = "<group>"; };
		F5B5BB6F1B0A20C500D93B7B /* CSpriteSheet.h */ = {isa = PBXFileReference; fileEncoding = 4; lastKnownFileType = sourcecode.c.h; path = CSpriteSheet.h; sourceTree = "<group>"; };
		F5B5BB701B0A20C500D93B7B /* CText.cpp */ = {isa = PBXFileReference; fileEncoding = 4; lastKnownFileType = sourcecode.cpp.cpp; path = CText.cpp; sourceTree = "<group>"; };
		F5B5BB711B0A20C500D93B7B /* CText.h */ = {isa = PBXFileReference; fileEncoding = 4; lastKnownFileType = sourcecode.c.h; path = CText.h; sourceTree = "<group>"; };
		F5B5BB721B0A20C500D93B7B /* CTile.cpp */ = {isa = PBXFileReference; fileEncoding = 4; lastKnownFileType = sourcecode.cpp.cpp; path = CTile.cpp; sourceTree = "<group>"; };
		F5B5BB731B0A20C500D93B7B /* CTile.h */ = {isa = PBXFileReference; fileEncoding = 4; lastKnownFileType = sourcecode.c.h; path = CTile.h; sourceTree = "<group>"; };
		F5B5BB741B0A20C500D93B7B /* CWindow.cpp */ = {isa = PBXFileReference; fileEncoding = 4; lastKnownFileType = sourcecode.cpp.cpp; path = CWindow.cpp; sourceTree = "<group>"; };
		F5B5BB751B0A20C500D93B7B /* CWindow.h */ = {isa = PBXFileReference; fileEncoding = 4; lastKnownFileType = sourcecode.c.h; path = CWindow.h; sourceTree = "<group>"; };
		F5B5BB761B0A20C500D93B7B /* Define.h */ = {isa = PBXFileReference; fileEncoding = 4; lastKnownFileType = sourcecode.c.h; path = Define.h; sourceTree = "<group>"; };
		F5B5BB781B0A20C500D93B7B /* Images.xcassets */ = {isa = PBXFileReference; lastKnownFileType = folder.assetcatalog; path = Images.xcassets; sourceTree = "<group>"; };
		F5B5BB791B0A20C500D93B7B /* main.cpp */ = {isa = PBXFileReference; fileEncoding = 4; lastKnownFileType = sourcecode.cpp.cpp; path = main.cpp; sourceTree = "<group>"; };
		F5B5BB7A1B0A20C500D93B7B /* NFile.cpp */ = {isa = PBXFileReference; fileEncoding = 4; lastKnownFileType = sourcecode.cpp.cpp; path = NFile.cpp; sourceTree = "<group>"; };
		F5B5BB7B1B0A20C500D93B7B /* NFile.h */ = {isa = PBXFileReference; fileEncoding = 4; lastKnownFileType = sourcecode.c.h; path = NFile.h; sourceTree = "<group>"; };
		F5B5BB7C1B0A20C500D93B7B /* NMouse.cpp */ = {isa = PBXFileReference; fileEncoding = 4; lastKnownFileType = sourcecode.cpp.cpp; path = NMouse.cpp; sourceTree = "<group>"; };
		F5B5BB7D1B0A20C500D93B7B /* NMouse.h */ = {isa = PBXFileReference; fileEncoding = 4; lastKnownFileType = sourcecode.c.h; path = NMouse.h; sourceTree = "<group>"; };
		F5B5BB7E1B0A20C500D93B7B /* NSurface.cpp */ = {isa = PBXFileReference; fileEncoding = 4; lastKnownFileType = sourcecode.cpp.cpp; path = NSurface.cpp; sourceTree = "<group>"; };
		F5B5BB7F1B0A20C500D93B7B /* NSurface.h */ = {isa = PBXFileReference; fileEncoding = 4; lastKnownFileType = sourcecode.c.h; path = NSurface.h; sourceTree = "<group>"; };
		F5B5BB801B0A20C500D93B7B /* ResourcePath.hpp */ = {isa = PBXFileReference; fileEncoding = 4; lastKnownFileType = sourcecode.cpp.h; path = ResourcePath.hpp; sourceTree = "<group>"; };
		F5B5BB811B0A20C500D93B7B /* ResourcePath.mm */ = {isa = PBXFileReference; fileEncoding = 4; lastKnownFileType = sourcecode.cpp.objcpp; path = ResourcePath.mm; sourceTree = "<group>"; };
		F5B5BB821B0A20C500D93B7B /* resources */ = {isa = PBXFileReference; lastKnownFileType = folder; path = resources; sourceTree = "<group>"; };
		F5B5BB831B0A20C500D93B7B /* Third. */ = {isa = PBXFileReference; lastKnownFileType = folder; path = Third.; sourceTree = "<group>"; };
		F5B5BBA01B0A217600D93B7B /* Fifth-Client-Info.plist */ = {isa = PBXFileReference; fileEncoding = 4; lastKnownFileType = text.plist.xml; path = "Fifth-Client-Info.plist"; sourceTree = "<group>"; };
/* End PBXFileReference section */

/* Begin PBXFrameworksBuildPhase section */
		F5B5BB341B0A208B00D93B7B /* Frameworks */ = {
			isa = PBXFrameworksBuildPhase;
			buildActionMask = 2147483647;
			files = (
			);
			runOnlyForDeploymentPostprocessing = 0;
		};
/* End PBXFrameworksBuildPhase section */

/* Begin PBXGroup section */
		F5B5BB2E1B0A208B00D93B7B = {
			isa = PBXGroup;
			children = (
				F5B5BB3A1B0A208B00D93B7B /* Fifth-Client */,
				F5B5BB391B0A208B00D93B7B /* Products */,
			);
			sourceTree = "<group>";
		};
		F5B5BB391B0A208B00D93B7B /* Products */ = {
			isa = PBXGroup;
			children = (
				F5B5BB381B0A208B00D93B7B /* Fifth-Client.app */,
			);
			name = Products;
			sourceTree = "<group>";
		};
		F5B5BB3A1B0A208B00D93B7B /* Fifth-Client */ = {
			isa = PBXGroup;
			children = (
				F5B5BBA21B0A226900D93B7B /* GFX */,
				F5B5BBA31B0A228800D93B7B /* Entity */,
				F5B5BBA41B0A229E00D93B7B /* Helper */,
				F5B5BB5C1B0A20C500D93B7B /* CGame.cpp */,
				F5B5BB5D1B0A20C500D93B7B /* CGame.h */,
				F5B5BB541B0A20C500D93B7B /* CCamera.cpp */,
				F5B5BB551B0A20C500D93B7B /* CCamera.h */,
				F5B5BB601B0A20C500D93B7B /* CInstance.cpp */,
				F5B5BB611B0A20C500D93B7B /* CInstance.h */,
				F5B5BB621B0A20C500D93B7B /* CNetwork.cpp */,
				F5B5BB631B0A20C500D93B7B /* CNetwork.h */,
				F5B5BB721B0A20C500D93B7B /* CTile.cpp */,
				F5B5BB731B0A20C500D93B7B /* CTile.h */,
				F5B5BB741B0A20C500D93B7B /* CWindow.cpp */,
				F5B5BB751B0A20C500D93B7B /* CWindow.h */,
				F5B5BB761B0A20C500D93B7B /* Define.h */,
				F5B5BB791B0A20C500D93B7B /* main.cpp */,
				F5B5BB781B0A20C500D93B7B /* Images.xcassets */,
				F5B5BB821B0A20C500D93B7B /* resources */,
				F5B5BB831B0A20C500D93B7B /* Third. */,
				F5B5BB3B1B0A208B00D93B7B /* Supporting Files */,
			);
			path = "Fifth-Client";
			sourceTree = "<group>";
		};
		F5B5BB3B1B0A208B00D93B7B /* Supporting Files */ = {
			isa = PBXGroup;
			children = (
				F5B5BBA01B0A217600D93B7B /* Fifth-Client-Info.plist */,
			);
			name = "Supporting Files";
			sourceTree = "<group>";
		};
		F5B5BBA21B0A226900D93B7B /* GFX */ = {
			isa = PBXGroup;
			children = (
				F5B5BB501B0A20C500D93B7B /* CAssetManager.cpp */,
				F5B5BB511B0A20C500D93B7B /* CAssetManager.h */,
				F5B5BB561B0A20C500D93B7B /* CChatBubble.cpp */,
				F5B5BB571B0A20C500D93B7B /* CChatBubble.h */,
				F5B5BB5E1B0A20C500D93B7B /* CGuiText.cpp */,
				F5B5BB5F1B0A20C500D93B7B /* CGuiText.h */,
				F5B5BB6A1B0A20C500D93B7B /* CRenderable.cpp */,
				F5B5BB6B1B0A20C500D93B7B /* CRenderable.h */,
				F5B5BB6C1B0A20C500D93B7B /* CSprite.cpp */,
				F5B5BB6D1B0A20C500D93B7B /* CSprite.h */,
				F5B5BB6E1B0A20C500D93B7B /* CSpriteSheet.cpp */,
				F5B5BB6F1B0A20C500D93B7B /* CSpriteSheet.h */,
				F5B5BB701B0A20C500D93B7B /* CText.cpp */,
				F5B5BB711B0A20C500D93B7B /* CText.h */,
				F5B5BB7E1B0A20C500D93B7B /* NSurface.cpp */,
				F5B5BB7F1B0A20C500D93B7B /* NSurface.h */,
			);
			name = GFX;
			sourceTree = "<group>";
		};
		F5B5BBA31B0A228800D93B7B /* Entity */ = {
			isa = PBXGroup;
			children = (
				F5B5BB521B0A20C500D93B7B /* CBody.cpp */,
				F5B5BB531B0A20C500D93B7B /* CBody.h */,
				F5B5BB581B0A20C500D93B7B /* CEntity.cpp */,
				F5B5BB591B0A20C500D93B7B /* CEntity.h */,
				F5B5BB5A1B0A20C500D93B7B /* CEntityManager.cpp */,
				F5B5BB5B1B0A20C500D93B7B /* CEntityManager.h */,
				F5B5BB641B0A20C500D93B7B /* CParticle.cpp */,
				F5B5BB651B0A20C500D93B7B /* CParticle.h */,
				F5B5BB661B0A20C500D93B7B /* CParticleEmitter.cpp */,
				F5B5BB671B0A20C500D93B7B /* CParticleEmitter.h */,
				F5B5BB681B0A20C500D93B7B /* CPlayer.cpp */,
				F5B5BB691B0A20C500D93B7B /* CPlayer.h */,
			);
			name = Entity;
			sourceTree = "<group>";
		};
		F5B5BBA41B0A229E00D93B7B /* Helper */ = {
			isa = PBXGroup;
			children = (
				F5B5BB7A1B0A20C500D93B7B /* NFile.cpp */,
				F5B5BB7B1B0A20C500D93B7B /* NFile.h */,
				F5B5BB7C1B0A20C500D93B7B /* NMouse.cpp */,
				F5B5BB7D1B0A20C500D93B7B /* NMouse.h */,
				F5B5BB801B0A20C500D93B7B /* ResourcePath.hpp */,
				F5B5BB811B0A20C500D93B7B /* ResourcePath.mm */,
			);
			name = Helper;
			sourceTree = "<group>";
		};
/* End PBXGroup section */

/* Begin PBXNativeTarget section */
		F5B5BB371B0A208B00D93B7B /* Fifth-Client */ = {
			isa = PBXNativeTarget;
			buildConfigurationList = F5B5BB4D1B0A208B00D93B7B /* Build configuration list for PBXNativeTarget "Fifth-Client" */;
			buildPhases = (
				F5B5BB331B0A208B00D93B7B /* Sources */,
				F5B5BB341B0A208B00D93B7B /* Frameworks */,
				F5B5BB351B0A208B00D93B7B /* Resources */,
				F5B5BB361B0A208B00D93B7B /* ShellScript */,
			);
			buildRules = (
			);
			dependencies = (
			);
			name = "Fifth-Client";
			productName = "Fifth-Client";
			productReference = F5B5BB381B0A208B00D93B7B /* Fifth-Client.app */;
			productType = "com.apple.product-type.application";
		};
/* End PBXNativeTarget section */

/* Begin PBXProject section */
		F5B5BB2F1B0A208B00D93B7B /* Project object */ = {
			isa = PBXProject;
			attributes = {
				LastUpgradeCheck = 0620;
				ORGANIZATIONNAME = "Didrik Munther";
				TargetAttributes = {
					F5B5BB371B0A208B00D93B7B = {
						CreatedOnToolsVersion = 6.2;
					};
				};
			};
			buildConfigurationList = F5B5BB321B0A208B00D93B7B /* Build configuration list for PBXProject "Fifth-Client" */;
			compatibilityVersion = "Xcode 3.2";
			developmentRegion = English;
			hasScannedForEncodings = 0;
			knownRegions = (
				en,
			);
			mainGroup = F5B5BB2E1B0A208B00D93B7B;
			productRefGroup = F5B5BB391B0A208B00D93B7B /* Products */;
			projectDirPath = "";
			projectRoot = "";
			targets = (
				F5B5BB371B0A208B00D93B7B /* Fifth-Client */,
			);
		};
/* End PBXProject section */

/* Begin PBXResourcesBuildPhase section */
		F5B5BB351B0A208B00D93B7B /* Resources */ = {
			isa = PBXResourcesBuildPhase;
			buildActionMask = 2147483647;
			files = (
				F5B5BB9E1B0A20C500D93B7B /* resources in Resources */,
				F5B5BB981B0A20C500D93B7B /* Images.xcassets in Resources */,
			);
			runOnlyForDeploymentPostprocessing = 0;
		};
/* End PBXResourcesBuildPhase section */

/* Begin PBXShellScriptBuildPhase section */
		F5B5BB361B0A208B00D93B7B /* ShellScript */ = {
			isa = PBXShellScriptBuildPhase;
			buildActionMask = 2147483647;
			files = (
			);
			inputPaths = (
			);
			outputPaths = (
			);
			runOnlyForDeploymentPostprocessing = 0;
			shellPath = /bin/sh;
			shellScript = "# This shell script simply copies required SFML dylibs/frameworks into the application bundle frameworks folder.\n# If you're using static libraries (which is not recommended) you should remove this script from your project.\n\n# Are we building a project that uses frameworks or dylibs?\ncase \"$SFML_BINARY_TYPE\" in\n    DYLIBS)\n        frameworks=\"false\"\n        ;;\n    *)\n        frameworks=\"true\"\n        ;;\nesac\n\n# Echoes to stderr\nerror () # $* message to display\n{\n    echo $* 1>&2\n    exit 2\n}\n\nassert () # $1 is a boolean, $2...N is an error message\n{\n    if [ $# -lt 2 ]\n    then\n        error \"Internal error in assert : not enough args\"\n    fi\n\n    if [ $1 -ne 0 ]\n    then\n        shift\n        error \"$*\"\n    fi\n}\n\nforce_remove () # $@ is some paths\n{\n    test $# -ge 1\n    assert $? \"force_remove() requires at least one parameter\"\n    rm -fr $@\n    assert $? \"couldn't remove $@\"\n}\n\ncopy () # $1 is a source, $2 is a destination\n{\n    test $# -eq 2\n    assert $? \"copy() requires two parameters\"\n    ditto \"$1\" \"$2\"\n    assert $? \"couldn't copy $1 to $2\"\n}\n\nrequire () # $1 is a SFML module like 'system' or 'audio'\n{\n    dest=\"$BUILT_PRODUCTS_DIR/$PRODUCT_NAME.app/Contents/Frameworks\"\n\n    if [ -z \"$1\" ]\n    then\n        error \"require() requires one parameter!\"\n    else\n        # clean potentially old stuff\n        force_remove \"$dest/libsfml-$1\"*\n        force_remove \"$dest/sfml-$1.framework\"\n\n        # copy SFML libraries\n        if [ \"$frameworks\" = \"true\" ]\n        then\n            source=\"/Library/Frameworks/sfml-$1.framework\"\n            target=\"sfml-$1.framework\"\n        elif [ \"$SFML_LINK_DYLIBS_SUFFIX\" = \"-d\" ]\n        then\n            source=\"/usr/local/lib/libsfml-$1-d.dylib\"\n            target=\"`readlink $source`\"\n        else\n            source=\"/usr/local/lib/libsfml-$1.dylib\"\n            target=\"`readlink $source`\"\n        fi\n\n        copy \"$source\" \"$dest/$target\"\n\n        # copy extra dependencies\n        if [ \"$1\" = \"audio\" ]\n        then\n            # copy sndfile framework too\n            copy \"/Library/Frameworks/sndfile.framework\" \"$dest/sndfile.framework\"\n        elif [ \"$1\" = \"graphics\" ]\n        then\n            # copy freetype framework too\n            copy \"/Library/Frameworks/freetype.framework\" \"$dest/freetype.framework\"\n        fi\n    fi\n}\n\nif [ -n \"$SFML_SYSTEM\" ]\nthen\n    require \"system\"\nfi\n\nif [ -n \"$SFML_AUDIO\" ]\nthen\n    require \"audio\"\nfi\n\nif [ -n \"$SFML_NETWORK\" ]\nthen\n    require \"network\"\nfi\n\nif [ -n \"$SFML_WINDOW\" ]\nthen\n    require \"window\"\nfi\n\nif [ -n \"$SFML_GRAPHICS\" ]\nthen\n    require \"graphics\"\nfi\n\n                ";
		};
/* End PBXShellScriptBuildPhase section */

/* Begin PBXSourcesBuildPhase section */
		F5B5BB331B0A208B00D93B7B /* Sources */ = {
			isa = PBXSourcesBuildPhase;
			buildActionMask = 2147483647;
			files = (
				F5B5BB9C1B0A20C500D93B7B /* NSurface.cpp in Sources */,
				F5B5BB881B0A20C500D93B7B /* CEntity.cpp in Sources */,
				F5B5BB911B0A20C500D93B7B /* CRenderable.cpp in Sources */,
				F5B5BB841B0A20C500D93B7B /* CAssetManager.cpp in Sources */,
				F5B5BB8F1B0A20C500D93B7B /* CParticleEmitter.cpp in Sources */,
				F5B5BB931B0A20C500D93B7B /* CSpriteSheet.cpp in Sources */,
				F5B5BB951B0A20C500D93B7B /* CTile.cpp in Sources */,
				F5B5BB8B1B0A20C500D93B7B /* CGuiText.cpp in Sources */,
				F5B5BB8E1B0A20C500D93B7B /* CParticle.cpp in Sources */,
				F5B5BB861B0A20C500D93B7B /* CCamera.cpp in Sources */,
				F5B5BB851B0A20C500D93B7B /* CBody.cpp in Sources */,
				F5B5BB961B0A20C500D93B7B /* CWindow.cpp in Sources */,
				F5B5BB9D1B0A20C500D93B7B /* ResourcePath.mm in Sources */,
				F5B5BB9A1B0A20C500D93B7B /* NFile.cpp in Sources */,
				F5B5BB9B1B0A20C500D93B7B /* NMouse.cpp in Sources */,
				F5B5BB8C1B0A20C500D93B7B /* CInstance.cpp in Sources */,
				F5B5BB8D1B0A20C500D93B7B /* CNetwork.cpp in Sources */,
				F5B5BB921B0A20C500D93B7B /* CSprite.cpp in Sources */,
				F5B5BB891B0A20C500D93B7B /* CEntityManager.cpp in Sources */,
				F5B5BB901B0A20C500D93B7B /* CPlayer.cpp in Sources */,
				F5B5BB871B0A20C500D93B7B /* CChatBubble.cpp in Sources */,
				F5B5BB941B0A20C500D93B7B /* CText.cpp in Sources */,
				F5B5BB991B0A20C500D93B7B /* main.cpp in Sources */,
				F5B5BB8A1B0A20C500D93B7B /* CGame.cpp in Sources */,
			);
			runOnlyForDeploymentPostprocessing = 0;
		};
/* End PBXSourcesBuildPhase section */

/* Begin XCBuildConfiguration section */
		F5B5BB4B1B0A208B00D93B7B /* Debug */ = {
			isa = XCBuildConfiguration;
			buildSettings = {
				ARCHS = (
					i386,
					x86_64,
				);
				CLANG_CXX_LANGUAGE_STANDARD = "c++0x";
				CLANG_CXX_LIBRARY = "libc++";
				FRAMEWORK_SEARCH_PATHS = (
					/Library/Frameworks/,
					"$(inherited)",
				);
				GCC_VERSION = com.apple.compilers.llvm.clang.1_0;
				HEADER_SEARCH_PATHS = (
					/usr/local/include/,
					"$(inherited)",
				);
				LIBRARY_SEARCH_PATHS = (
					/usr/local/lib/,
					"$(inherited)",
				);
				MACOSX_DEPLOYMENT_TARGET = 10.7;
				OTHER_LDFLAGS = (
					"$(inherited)",
					"$(SFML_SYSTEM)",
					"$(SFML_WINDOW)",
					"$(SFML_GRAPHICS)",
					"$(SFML_AUDIO)",
					"$(SFML_NETWORK)",
				);
				SFML_AUDIO = "$(SFML_LINK_PREFIX) sfml-audio$(SFML_LINK_SUFFIX)";
				SFML_BINARY_TYPE = FRAMEWORKS;
				SFML_GRAPHICS = "$(SFML_LINK_PREFIX) sfml-graphics$(SFML_LINK_SUFFIX)";
				SFML_LINK_DYLIBS_PREFIX = "-l";
				SFML_LINK_DYLIBS_SUFFIX = "";
				SFML_LINK_FRAMEWORKS_PREFIX = "-framework";
				SFML_LINK_FRAMEWORKS_SUFFIX = "";
				SFML_LINK_PREFIX = "$(SFML_LINK_$(SFML_BINARY_TYPE)_PREFIX)";
				SFML_LINK_SUFFIX = "$(SFML_LINK_$(SFML_BINARY_TYPE)_SUFFIX)";
				SFML_NETWORK = "$(SFML_LINK_PREFIX) sfml-network$(SFML_LINK_SUFFIX)";
				SFML_SYSTEM = "$(SFML_LINK_PREFIX) sfml-system$(SFML_LINK_SUFFIX)";
				SFML_WINDOW = "$(SFML_LINK_PREFIX) sfml-window$(SFML_LINK_SUFFIX)";
				SUPPORTED_PLATFORMS = macosx;
			};
			name = Debug;
		};
		F5B5BB4C1B0A208B00D93B7B /* Release */ = {
			isa = XCBuildConfiguration;
			buildSettings = {
				ARCHS = (
					i386,
					x86_64,
				);
				CLANG_CXX_LANGUAGE_STANDARD = "c++0x";
				CLANG_CXX_LIBRARY = "libc++";
				FRAMEWORK_SEARCH_PATHS = (
					/Library/Frameworks/,
					"$(inherited)",
				);
				GCC_VERSION = com.apple.compilers.llvm.clang.1_0;
				HEADER_SEARCH_PATHS = (
					/usr/local/include/,
					"$(inherited)",
				);
				LIBRARY_SEARCH_PATHS = (
					/usr/local/lib/,
					"$(inherited)",
				);
				MACOSX_DEPLOYMENT_TARGET = 10.7;
				OTHER_LDFLAGS = (
					"$(inherited)",
					"$(SFML_SYSTEM)",
					"$(SFML_WINDOW)",
					"$(SFML_GRAPHICS)",
					"$(SFML_AUDIO)",
					"$(SFML_NETWORK)",
				);
				SFML_AUDIO = "$(SFML_LINK_PREFIX) sfml-audio$(SFML_LINK_SUFFIX)";
				SFML_BINARY_TYPE = FRAMEWORKS;
				SFML_GRAPHICS = "$(SFML_LINK_PREFIX) sfml-graphics$(SFML_LINK_SUFFIX)";
				SFML_LINK_DYLIBS_PREFIX = "-l";
				SFML_LINK_DYLIBS_SUFFIX = "";
				SFML_LINK_FRAMEWORKS_PREFIX = "-framework";
				SFML_LINK_FRAMEWORKS_SUFFIX = "";
				SFML_LINK_PREFIX = "$(SFML_LINK_$(SFML_BINARY_TYPE)_PREFIX)";
				SFML_LINK_SUFFIX = "$(SFML_LINK_$(SFML_BINARY_TYPE)_SUFFIX)";
				SFML_NETWORK = "$(SFML_LINK_PREFIX) sfml-network$(SFML_LINK_SUFFIX)";
				SFML_SYSTEM = "$(SFML_LINK_PREFIX) sfml-system$(SFML_LINK_SUFFIX)";
				SFML_WINDOW = "$(SFML_LINK_PREFIX) sfml-window$(SFML_LINK_SUFFIX)";
				SUPPORTED_PLATFORMS = macosx;
			};
			name = Release;
		};
		F5B5BB4E1B0A208B00D93B7B /* Debug */ = {
			isa = XCBuildConfiguration;
			buildSettings = {
				INFOPLIST_FILE = "Fifth-Client/Fifth-Client-Info.plist";
				LD_RUNPATH_SEARCH_PATHS = "@loader_path/../Frameworks";
				PRODUCT_NAME = "$(TARGET_NAME)";
			};
			name = Debug;
		};
		F5B5BB4F1B0A208B00D93B7B /* Release */ = {
			isa = XCBuildConfiguration;
			buildSettings = {
				INFOPLIST_FILE = "Fifth-Client/Fifth-Client-Info.plist";
				LD_RUNPATH_SEARCH_PATHS = "@loader_path/../Frameworks";
				PRODUCT_NAME = "$(TARGET_NAME)";
			};
			name = Release;
		};
/* End XCBuildConfiguration section */

/* Begin XCConfigurationList section */
		F5B5BB321B0A208B00D93B7B /* Build configuration list for PBXProject "Fifth-Client" */ = {
			isa = XCConfigurationList;
			buildConfigurations = (
				F5B5BB4B1B0A208B00D93B7B /* Debug */,
				F5B5BB4C1B0A208B00D93B7B /* Release */,
			);
			defaultConfigurationIsVisible = 0;
			defaultConfigurationName = Release;
		};
		F5B5BB4D1B0A208B00D93B7B /* Build configuration list for PBXNativeTarget "Fifth-Client" */ = {
			isa = XCConfigurationList;
			buildConfigurations = (
				F5B5BB4E1B0A208B00D93B7B /* Debug */,
				F5B5BB4F1B0A208B00D93B7B /* Release */,
			);
			defaultConfigurationIsVisible = 0;
			defaultConfigurationName = Release;
		};
/* End XCConfigurationList section */
	};
	rootObject = F5B5BB2F1B0A208B00D93B7B /* Project object */;
}
